// !$*UTF8*$!
{
	archiveVersion = 1;
	classes = {
	};
	objectVersion = 46;
	objects = {

/* Begin PBXBuildFile section */
		221D1E471C6C543800396AD3 /* ScalarArithmetic.swift in Sources */ = {isa = PBXBuildFile; fileRef = 22AFC49F19603997003572F3 /* ScalarArithmetic.swift */; };
		221D1E501C6CE41800396AD3 /* ScalarArithmetic.swift in Sources */ = {isa = PBXBuildFile; fileRef = 22AFC49F19603997003572F3 /* ScalarArithmetic.swift */; };
		221D1E651C6D021000396AD3 /* SuperTestsScalarArithmetic.swift in Sources */ = {isa = PBXBuildFile; fileRef = 221D1E5C1C6D021000396AD3 /* SuperTestsScalarArithmetic.swift */; };
		221D1E661C6D021000396AD3 /* SuperTestsScalarArithmetic.swift in Sources */ = {isa = PBXBuildFile; fileRef = 221D1E5C1C6D021000396AD3 /* SuperTestsScalarArithmetic.swift */; };
		221D1E671C6D021000396AD3 /* SuperTestsScalarComparable.swift in Sources */ = {isa = PBXBuildFile; fileRef = 221D1E5D1C6D021000396AD3 /* SuperTestsScalarComparable.swift */; };
		221D1E681C6D021000396AD3 /* SuperTestsScalarComparable.swift in Sources */ = {isa = PBXBuildFile; fileRef = 221D1E5D1C6D021000396AD3 /* SuperTestsScalarComparable.swift */; };
		221D1E691C6D021000396AD3 /* TestsCGFloatArithmeticTesting.swift in Sources */ = {isa = PBXBuildFile; fileRef = 221D1E5E1C6D021000396AD3 /* TestsCGFloatArithmeticTesting.swift */; };
		221D1E6A1C6D021000396AD3 /* TestsCGFloatArithmeticTesting.swift in Sources */ = {isa = PBXBuildFile; fileRef = 221D1E5E1C6D021000396AD3 /* TestsCGFloatArithmeticTesting.swift */; };
		221D1E6B1C6D021000396AD3 /* TestsCGFloatComparable.swift in Sources */ = {isa = PBXBuildFile; fileRef = 221D1E5F1C6D021000396AD3 /* TestsCGFloatComparable.swift */; };
		221D1E6C1C6D021000396AD3 /* TestsCGFloatComparable.swift in Sources */ = {isa = PBXBuildFile; fileRef = 221D1E5F1C6D021000396AD3 /* TestsCGFloatComparable.swift */; };
		221D1E6D1C6D021000396AD3 /* TestsDoubleArithmeticTesting.swift in Sources */ = {isa = PBXBuildFile; fileRef = 221D1E601C6D021000396AD3 /* TestsDoubleArithmeticTesting.swift */; };
		221D1E6E1C6D021000396AD3 /* TestsDoubleArithmeticTesting.swift in Sources */ = {isa = PBXBuildFile; fileRef = 221D1E601C6D021000396AD3 /* TestsDoubleArithmeticTesting.swift */; };
		221D1E6F1C6D021000396AD3 /* TestsDoubleComparable.swift in Sources */ = {isa = PBXBuildFile; fileRef = 221D1E611C6D021000396AD3 /* TestsDoubleComparable.swift */; };
		221D1E701C6D021000396AD3 /* TestsDoubleComparable.swift in Sources */ = {isa = PBXBuildFile; fileRef = 221D1E611C6D021000396AD3 /* TestsDoubleComparable.swift */; };
		221D1E711C6D021000396AD3 /* TestsIntArithmeticTesting.swift in Sources */ = {isa = PBXBuildFile; fileRef = 221D1E621C6D021000396AD3 /* TestsIntArithmeticTesting.swift */; };
		221D1E721C6D021000396AD3 /* TestsIntArithmeticTesting.swift in Sources */ = {isa = PBXBuildFile; fileRef = 221D1E621C6D021000396AD3 /* TestsIntArithmeticTesting.swift */; };
		221D1E731C6D021000396AD3 /* TestsIntComparable.swift in Sources */ = {isa = PBXBuildFile; fileRef = 221D1E631C6D021000396AD3 /* TestsIntComparable.swift */; };
		221D1E741C6D021000396AD3 /* TestsIntComparable.swift in Sources */ = {isa = PBXBuildFile; fileRef = 221D1E631C6D021000396AD3 /* TestsIntComparable.swift */; };
		221D1E751C6D021000396AD3 /* TestsMathFunctions.swift in Sources */ = {isa = PBXBuildFile; fileRef = 221D1E641C6D021000396AD3 /* TestsMathFunctions.swift */; };
		221D1E761C6D021000396AD3 /* TestsMathFunctions.swift in Sources */ = {isa = PBXBuildFile; fileRef = 221D1E641C6D021000396AD3 /* TestsMathFunctions.swift */; };
		223C4D7F1C6B715400E658E6 /* Tests32.swift in Sources */ = {isa = PBXBuildFile; fileRef = 223C4D7E1C6B715400E658E6 /* Tests32.swift */; };
/* End PBXBuildFile section */

/* Begin PBXFileReference section */
		221D1E5C1C6D021000396AD3 /* SuperTestsScalarArithmetic.swift */ = {isa = PBXFileReference; fileEncoding = 4; lastKnownFileType = sourcecode.swift; path = SuperTestsScalarArithmetic.swift; sourceTree = "<group>"; };
		221D1E5D1C6D021000396AD3 /* SuperTestsScalarComparable.swift */ = {isa = PBXFileReference; fileEncoding = 4; lastKnownFileType = sourcecode.swift; path = SuperTestsScalarComparable.swift; sourceTree = "<group>"; };
		221D1E5E1C6D021000396AD3 /* TestsCGFloatArithmeticTesting.swift */ = {isa = PBXFileReference; fileEncoding = 4; lastKnownFileType = sourcecode.swift; path = TestsCGFloatArithmeticTesting.swift; sourceTree = "<group>"; };
		221D1E5F1C6D021000396AD3 /* TestsCGFloatComparable.swift */ = {isa = PBXFileReference; fileEncoding = 4; lastKnownFileType = sourcecode.swift; path = TestsCGFloatComparable.swift; sourceTree = "<group>"; };
		221D1E601C6D021000396AD3 /* TestsDoubleArithmeticTesting.swift */ = {isa = PBXFileReference; fileEncoding = 4; lastKnownFileType = sourcecode.swift; path = TestsDoubleArithmeticTesting.swift; sourceTree = "<group>"; };
		221D1E611C6D021000396AD3 /* TestsDoubleComparable.swift */ = {isa = PBXFileReference; fileEncoding = 4; lastKnownFileType = sourcecode.swift; path = TestsDoubleComparable.swift; sourceTree = "<group>"; };
		221D1E621C6D021000396AD3 /* TestsIntArithmeticTesting.swift */ = {isa = PBXFileReference; fileEncoding = 4; lastKnownFileType = sourcecode.swift; path = TestsIntArithmeticTesting.swift; sourceTree = "<group>"; };
		221D1E631C6D021000396AD3 /* TestsIntComparable.swift */ = {isa = PBXFileReference; fileEncoding = 4; lastKnownFileType = sourcecode.swift; path = TestsIntComparable.swift; sourceTree = "<group>"; };
		221D1E641C6D021000396AD3 /* TestsMathFunctions.swift */ = {isa = PBXFileReference; fileEncoding = 4; lastKnownFileType = sourcecode.swift; path = TestsMathFunctions.swift; sourceTree = "<group>"; };
		223C4D5C1C6B709300E658E6 /* Tests64.xctest */ = {isa = PBXFileReference; explicitFileType = wrapper.cfbundle; includeInIndex = 0; path = Tests64.xctest; sourceTree = BUILT_PRODUCTS_DIR; };
		223C4D601C6B709400E658E6 /* Info.plist */ = {isa = PBXFileReference; lastKnownFileType = text.plist.xml; path = Info.plist; sourceTree = "<group>"; };
		223C4D7C1C6B715400E658E6 /* Tests32.xctest */ = {isa = PBXFileReference; explicitFileType = wrapper.cfbundle; includeInIndex = 0; path = Tests32.xctest; sourceTree = BUILT_PRODUCTS_DIR; };
		223C4D7E1C6B715400E658E6 /* Tests32.swift */ = {isa = PBXFileReference; lastKnownFileType = sourcecode.swift; path = Tests32.swift; sourceTree = "<group>"; };
		223C4D801C6B715400E658E6 /* Info.plist */ = {isa = PBXFileReference; lastKnownFileType = text.plist.xml; path = Info.plist; sourceTree = "<group>"; };
		223C4D8B1C6B7E9700E658E6 /* MyPlayground.playground */ = {isa = PBXFileReference; lastKnownFileType = file.playground; name = MyPlayground.playground; path = ../MyPlayground.playground; sourceTree = "<group>"; };
		22AFC49F19603997003572F3 /* ScalarArithmetic.swift */ = {isa = PBXFileReference; fileEncoding = 4; lastKnownFileType = sourcecode.swift; path = ScalarArithmetic.swift; sourceTree = "<group>"; };
		22F2324F1C6246D30086660A /* ScalarArithmeticExperimental.swift */ = {isa = PBXFileReference; fileEncoding = 4; lastKnownFileType = sourcecode.swift; path = ScalarArithmeticExperimental.swift; sourceTree = "<group>"; };
/* End PBXFileReference section */

/* Begin PBXFrameworksBuildPhase section */
		223C4D591C6B709300E658E6 /* Frameworks */ = {
			isa = PBXFrameworksBuildPhase;
			buildActionMask = 2147483647;
			files = (
			);
			runOnlyForDeploymentPostprocessing = 0;
		};
		223C4D791C6B715400E658E6 /* Frameworks */ = {
			isa = PBXFrameworksBuildPhase;
			buildActionMask = 2147483647;
			files = (
			);
			runOnlyForDeploymentPostprocessing = 0;
		};
/* End PBXFrameworksBuildPhase section */

/* Begin PBXGroup section */
		221D1E5B1C6D021000396AD3 /* Tests */ = {
			isa = PBXGroup;
			children = (
				221D1E5C1C6D021000396AD3 /* SuperTestsScalarArithmetic.swift */,
				221D1E5D1C6D021000396AD3 /* SuperTestsScalarComparable.swift */,
				221D1E771C6D021400396AD3 /* Arithmetic */,
				221D1E781C6D021A00396AD3 /* Operating */,
				221D1E791C6D022500396AD3 /* Comparable */,
			);
			path = Tests;
			sourceTree = "<group>";
		};
		221D1E771C6D021400396AD3 /* Arithmetic */ = {
			isa = PBXGroup;
			children = (
				221D1E5E1C6D021000396AD3 /* TestsCGFloatArithmeticTesting.swift */,
				221D1E601C6D021000396AD3 /* TestsDoubleArithmeticTesting.swift */,
				221D1E621C6D021000396AD3 /* TestsIntArithmeticTesting.swift */,
			);
			name = Arithmetic;
			sourceTree = "<group>";
		};
		221D1E781C6D021A00396AD3 /* Operating */ = {
			isa = PBXGroup;
			children = (
				221D1E641C6D021000396AD3 /* TestsMathFunctions.swift */,
			);
			name = Operating;
			sourceTree = "<group>";
		};
		221D1E791C6D022500396AD3 /* Comparable */ = {
			isa = PBXGroup;
			children = (
				221D1E5F1C6D021000396AD3 /* TestsCGFloatComparable.swift */,
				221D1E611C6D021000396AD3 /* TestsDoubleComparable.swift */,
				221D1E631C6D021000396AD3 /* TestsIntComparable.swift */,
			);
			name = Comparable;
			sourceTree = "<group>";
		};
		223C4D5D1C6B709400E658E6 /* Tests64 */ = {
			isa = PBXGroup;
			children = (
				223C4D601C6B709400E658E6 /* Info.plist */,
			);
			path = Tests64;
			sourceTree = "<group>";
		};
		223C4D7D1C6B715400E658E6 /* Tests32 */ = {
			isa = PBXGroup;
			children = (
				223C4D7E1C6B715400E658E6 /* Tests32.swift */,
				223C4D801C6B715400E658E6 /* Info.plist */,
			);
			path = Tests32;
			sourceTree = "<group>";
		};
		22AFC470195F9D02003572F3 = {
			isa = PBXGroup;
			children = (
				221D1E5B1C6D021000396AD3 /* Tests */,
				223C4D8B1C6B7E9700E658E6 /* MyPlayground.playground */,
				22AFC49E19603997003572F3 /* ScalarArithmetic */,
				223C4D5D1C6B709400E658E6 /* Tests64 */,
				223C4D7D1C6B715400E658E6 /* Tests32 */,
				22AFC47A195F9D02003572F3 /* Products */,
			);
			sourceTree = "<group>";
		};
		22AFC47A195F9D02003572F3 /* Products */ = {
			isa = PBXGroup;
			children = (
				223C4D5C1C6B709300E658E6 /* Tests64.xctest */,
				223C4D7C1C6B715400E658E6 /* Tests32.xctest */,
			);
			name = Products;
			sourceTree = "<group>";
		};
		22AFC49E19603997003572F3 /* ScalarArithmetic */ = {
			isa = PBXGroup;
			children = (
				22AFC49F19603997003572F3 /* ScalarArithmetic.swift */,
				22F2324F1C6246D30086660A /* ScalarArithmeticExperimental.swift */,
			);
			name = ScalarArithmetic;
			path = ../ScalarArithmetic;
			sourceTree = "<group>";
		};
/* End PBXGroup section */

/* Begin PBXNativeTarget section */
		223C4D5B1C6B709300E658E6 /* Tests64 */ = {
			isa = PBXNativeTarget;
			buildConfigurationList = 223C4D611C6B709400E658E6 /* Build configuration list for PBXNativeTarget "Tests64" */;
			buildPhases = (
				223C4D581C6B709300E658E6 /* Sources */,
				223C4D591C6B709300E658E6 /* Frameworks */,
				223C4D5A1C6B709300E658E6 /* Resources */,
			);
			buildRules = (
			);
			dependencies = (
			);
			name = Tests64;
			productName = Tests64;
			productReference = 223C4D5C1C6B709300E658E6 /* Tests64.xctest */;
			productType = "com.apple.product-type.bundle.unit-test";
		};
		223C4D7B1C6B715400E658E6 /* Tests32 */ = {
			isa = PBXNativeTarget;
			buildConfigurationList = 223C4D811C6B715400E658E6 /* Build configuration list for PBXNativeTarget "Tests32" */;
			buildPhases = (
				223C4D781C6B715400E658E6 /* Sources */,
				223C4D791C6B715400E658E6 /* Frameworks */,
				223C4D7A1C6B715400E658E6 /* Resources */,
			);
			buildRules = (
			);
			dependencies = (
			);
			name = Tests32;
			productName = Tests32;
			productReference = 223C4D7C1C6B715400E658E6 /* Tests32.xctest */;
			productType = "com.apple.product-type.bundle.unit-test";
		};
/* End PBXNativeTarget section */

/* Begin PBXProject section */
		22AFC471195F9D02003572F3 /* Project object */ = {
			isa = PBXProject;
			attributes = {
				LastSwiftUpdateCheck = 0720;
				LastUpgradeCheck = 0720;
				ORGANIZATIONNAME = "Seivan Heidari";
				TargetAttributes = {
					223C4D5B1C6B709300E658E6 = {
						CreatedOnToolsVersion = 7.2.1;
					};
					223C4D7B1C6B715400E658E6 = {
						CreatedOnToolsVersion = 7.2.1;
					};
				};
			};
			buildConfigurationList = 22AFC474195F9D02003572F3 /* Build configuration list for PBXProject "TestsAndSample" */;
			compatibilityVersion = "Xcode 3.2";
			developmentRegion = English;
			hasScannedForEncodings = 0;
			knownRegions = (
				en,
			);
			mainGroup = 22AFC470195F9D02003572F3;
			productRefGroup = 22AFC47A195F9D02003572F3 /* Products */;
			projectDirPath = "";
			projectRoot = "";
			targets = (
				223C4D5B1C6B709300E658E6 /* Tests64 */,
				223C4D7B1C6B715400E658E6 /* Tests32 */,
			);
		};
/* End PBXProject section */

/* Begin PBXResourcesBuildPhase section */
		223C4D5A1C6B709300E658E6 /* Resources */ = {
			isa = PBXResourcesBuildPhase;
			buildActionMask = 2147483647;
			files = (
			);
			runOnlyForDeploymentPostprocessing = 0;
		};
		223C4D7A1C6B715400E658E6 /* Resources */ = {
			isa = PBXResourcesBuildPhase;
			buildActionMask = 2147483647;
			files = (
			);
			runOnlyForDeploymentPostprocessing = 0;
		};
/* End PBXResourcesBuildPhase section */

/* Begin PBXSourcesBuildPhase section */
		223C4D581C6B709300E658E6 /* Sources */ = {
			isa = PBXSourcesBuildPhase;
			buildActionMask = 2147483647;
			files = (
				221D1E711C6D021000396AD3 /* TestsIntArithmeticTesting.swift in Sources */,
				221D1E651C6D021000396AD3 /* SuperTestsScalarArithmetic.swift in Sources */,
				221D1E691C6D021000396AD3 /* TestsCGFloatArithmeticTesting.swift in Sources */,
				221D1E6F1C6D021000396AD3 /* TestsDoubleComparable.swift in Sources */,
				221D1E6B1C6D021000396AD3 /* TestsCGFloatComparable.swift in Sources */,
				221D1E671C6D021000396AD3 /* SuperTestsScalarComparable.swift in Sources */,
				221D1E731C6D021000396AD3 /* TestsIntComparable.swift in Sources */,
				221D1E751C6D021000396AD3 /* TestsMathFunctions.swift in Sources */,
				221D1E471C6C543800396AD3 /* ScalarArithmetic.swift in Sources */,
				221D1E6D1C6D021000396AD3 /* TestsDoubleArithmeticTesting.swift in Sources */,
			);
			runOnlyForDeploymentPostprocessing = 0;
		};
		223C4D781C6B715400E658E6 /* Sources */ = {
			isa = PBXSourcesBuildPhase;
			buildActionMask = 2147483647;
			files = (
				221D1E6C1C6D021000396AD3 /* TestsCGFloatComparable.swift in Sources */,
				223C4D7F1C6B715400E658E6 /* Tests32.swift in Sources */,
				221D1E701C6D021000396AD3 /* TestsDoubleComparable.swift in Sources */,
				221D1E661C6D021000396AD3 /* SuperTestsScalarArithmetic.swift in Sources */,
				221D1E721C6D021000396AD3 /* TestsIntArithmeticTesting.swift in Sources */,
				221D1E6E1C6D021000396AD3 /* TestsDoubleArithmeticTesting.swift in Sources */,
				221D1E6A1C6D021000396AD3 /* TestsCGFloatArithmeticTesting.swift in Sources */,
				221D1E681C6D021000396AD3 /* SuperTestsScalarComparable.swift in Sources */,
				221D1E761C6D021000396AD3 /* TestsMathFunctions.swift in Sources */,
				221D1E501C6CE41800396AD3 /* ScalarArithmetic.swift in Sources */,
				221D1E741C6D021000396AD3 /* TestsIntComparable.swift in Sources */,
			);
			runOnlyForDeploymentPostprocessing = 0;
		};
/* End PBXSourcesBuildPhase section */

/* Begin XCBuildConfiguration section */
		223C4D621C6B709400E658E6 /* Debug */ = {
			isa = XCBuildConfiguration;
			buildSettings = {
				CLANG_ENABLE_MODULES = YES;
				CODE_SIGN_IDENTITY = "-";
				COMBINE_HIDPI_IMAGES = YES;
				DEBUG_INFORMATION_FORMAT = dwarf;
				GCC_NO_COMMON_BLOCKS = YES;
				INFOPLIST_FILE = Tests64/Info.plist;
				LD_RUNPATH_SEARCH_PATHS = "$(inherited) @executable_path/../Frameworks @loader_path/../Frameworks";
				MACOSX_DEPLOYMENT_TARGET = 10.10;
				MTL_ENABLE_DEBUG_INFO = YES;
				PRODUCT_BUNDLE_IDENTIFIER = com.seivanheidari.Tests64;
				PRODUCT_NAME = "$(TARGET_NAME)";
				SDKROOT = macosx;
				SWIFT_OPTIMIZATION_LEVEL = "-Onone";
			};
			name = Debug;
		};
		223C4D631C6B709400E658E6 /* Release */ = {
			isa = XCBuildConfiguration;
			buildSettings = {
				CLANG_ENABLE_MODULES = YES;
				CODE_SIGN_IDENTITY = "-";
				COMBINE_HIDPI_IMAGES = YES;
				COPY_PHASE_STRIP = NO;
				DEBUG_INFORMATION_FORMAT = "dwarf-with-dsym";
				GCC_NO_COMMON_BLOCKS = YES;
				INFOPLIST_FILE = Tests64/Info.plist;
				LD_RUNPATH_SEARCH_PATHS = "$(inherited) @executable_path/../Frameworks @loader_path/../Frameworks";
				MACOSX_DEPLOYMENT_TARGET = 10.10;
				MTL_ENABLE_DEBUG_INFO = NO;
				PRODUCT_BUNDLE_IDENTIFIER = com.seivanheidari.Tests64;
				PRODUCT_NAME = "$(TARGET_NAME)";
				SDKROOT = macosx;
			};
			name = Release;
		};
		223C4D821C6B715400E658E6 /* Debug */ = {
			isa = XCBuildConfiguration;
			buildSettings = {
				ARCHS = "$(ARCHS_STANDARD_32_64_BIT)";
				CODE_SIGN_IDENTITY = "-";
				COMBINE_HIDPI_IMAGES = YES;
				DEBUG_INFORMATION_FORMAT = dwarf;
				GCC_NO_COMMON_BLOCKS = YES;
				INFOPLIST_FILE = Tests32/Info.plist;
				LD_RUNPATH_SEARCH_PATHS = "$(inherited) @executable_path/../Frameworks @loader_path/../Frameworks";
				MACOSX_DEPLOYMENT_TARGET = 10.10;
				MTL_ENABLE_DEBUG_INFO = YES;
				PRODUCT_BUNDLE_IDENTIFIER = com.seivanheidari.Tests32;
				PRODUCT_NAME = "$(TARGET_NAME)";
				SDKROOT = macosx;
			};
			name = Debug;
		};
		223C4D831C6B715400E658E6 /* Release */ = {
			isa = XCBuildConfiguration;
			buildSettings = {
				ARCHS = "$(ARCHS_STANDARD_32_64_BIT)";
				CODE_SIGN_IDENTITY = "-";
				COMBINE_HIDPI_IMAGES = YES;
				COPY_PHASE_STRIP = NO;
				DEBUG_INFORMATION_FORMAT = "dwarf-with-dsym";
				GCC_NO_COMMON_BLOCKS = YES;
				INFOPLIST_FILE = Tests32/Info.plist;
				LD_RUNPATH_SEARCH_PATHS = "$(inherited) @executable_path/../Frameworks @loader_path/../Frameworks";
				MACOSX_DEPLOYMENT_TARGET = 10.10;
				MTL_ENABLE_DEBUG_INFO = NO;
				PRODUCT_BUNDLE_IDENTIFIER = com.seivanheidari.Tests32;
				PRODUCT_NAME = "$(TARGET_NAME)";
				SDKROOT = macosx;
			};
			name = Release;
		};
		22AFC48E195F9D02003572F3 /* Debug */ = {
			isa = XCBuildConfiguration;
			buildSettings = {
				ALWAYS_SEARCH_USER_PATHS = NO;
				CLANG_CXX_LANGUAGE_STANDARD = "gnu++0x";
				CLANG_CXX_LIBRARY = "libc++";
				CLANG_ENABLE_MODULES = YES;
				CLANG_ENABLE_OBJC_ARC = YES;
				CLANG_WARN_BOOL_CONVERSION = YES;
				CLANG_WARN_CONSTANT_CONVERSION = YES;
				CLANG_WARN_DIRECT_OBJC_ISA_USAGE = YES_ERROR;
				CLANG_WARN_EMPTY_BODY = YES;
				CLANG_WARN_ENUM_CONVERSION = YES;
				CLANG_WARN_INT_CONVERSION = YES;
				CLANG_WARN_OBJC_ROOT_CLASS = YES_ERROR;
				CLANG_WARN_UNREACHABLE_CODE = YES;
				CLANG_WARN__DUPLICATE_METHOD_MATCH = YES;
				"CODE_SIGN_IDENTITY[sdk=iphoneos*]" = "iPhone Developer";
				COPY_PHASE_STRIP = NO;
				ENABLE_STRICT_OBJC_MSGSEND = YES;
				ENABLE_TESTABILITY = YES;
				GCC_C_LANGUAGE_STANDARD = gnu99;
				GCC_DYNAMIC_NO_PIC = NO;
				GCC_OPTIMIZATION_LEVEL = 0;
				GCC_PREPROCESSOR_DEFINITIONS = (
					"DEBUG=1",
					"$(inherited)",
				);
				GCC_SYMBOLS_PRIVATE_EXTERN = NO;
				GCC_WARN_64_TO_32_BIT_CONVERSION = YES;
				GCC_WARN_ABOUT_RETURN_TYPE = YES_ERROR;
				GCC_WARN_UNDECLARED_SELECTOR = YES;
				GCC_WARN_UNINITIALIZED_AUTOS = YES_AGGRESSIVE;
				GCC_WARN_UNUSED_FUNCTION = YES;
				GCC_WARN_UNUSED_VARIABLE = YES;
				IPHONEOS_DEPLOYMENT_TARGET = 8.0;
				METAL_ENABLE_DEBUG_INFO = YES;
				ONLY_ACTIVE_ARCH = YES;
				SDKROOT = iphoneos;
				SWIFT_OPTIMIZATION_LEVEL = "-Onone";
				TARGETED_DEVICE_FAMILY = "1,2";
			};
			name = Debug;
		};
		22AFC48F195F9D02003572F3 /* Release */ = {
			isa = XCBuildConfiguration;
			buildSettings = {
				ALWAYS_SEARCH_USER_PATHS = NO;
				CLANG_CXX_LANGUAGE_STANDARD = "gnu++0x";
				CLANG_CXX_LIBRARY = "libc++";
				CLANG_ENABLE_MODULES = YES;
				CLANG_ENABLE_OBJC_ARC = YES;
				CLANG_WARN_BOOL_CONVERSION = YES;
				CLANG_WARN_CONSTANT_CONVERSION = YES;
				CLANG_WARN_DIRECT_OBJC_ISA_USAGE = YES_ERROR;
				CLANG_WARN_EMPTY_BODY = YES;
				CLANG_WARN_ENUM_CONVERSION = YES;
				CLANG_WARN_INT_CONVERSION = YES;
				CLANG_WARN_OBJC_ROOT_CLASS = YES_ERROR;
				CLANG_WARN_UNREACHABLE_CODE = YES;
				CLANG_WARN__DUPLICATE_METHOD_MATCH = YES;
				"CODE_SIGN_IDENTITY[sdk=iphoneos*]" = "iPhone Developer";
				COPY_PHASE_STRIP = YES;
				ENABLE_NS_ASSERTIONS = NO;
				ENABLE_STRICT_OBJC_MSGSEND = YES;
				GCC_C_LANGUAGE_STANDARD = gnu99;
				GCC_WARN_64_TO_32_BIT_CONVERSION = YES;
				GCC_WARN_ABOUT_RETURN_TYPE = YES_ERROR;
				GCC_WARN_UNDECLARED_SELECTOR = YES;
				GCC_WARN_UNINITIALIZED_AUTOS = YES_AGGRESSIVE;
				GCC_WARN_UNUSED_FUNCTION = YES;
				GCC_WARN_UNUSED_VARIABLE = YES;
				IPHONEOS_DEPLOYMENT_TARGET = 8.0;
				METAL_ENABLE_DEBUG_INFO = NO;
				SDKROOT = iphoneos;
				TARGETED_DEVICE_FAMILY = "1,2";
				VALIDATE_PRODUCT = YES;
			};
			name = Release;
		};
/* End XCBuildConfiguration section */

/* Begin XCConfigurationList section */
		223C4D611C6B709400E658E6 /* Build configuration list for PBXNativeTarget "Tests64" */ = {
			isa = XCConfigurationList;
			buildConfigurations = (
				223C4D621C6B709400E658E6 /* Debug */,
				223C4D631C6B709400E658E6 /* Release */,
			);
			defaultConfigurationIsVisible = 0;
			defaultConfigurationName = Release;
		};
		223C4D811C6B715400E658E6 /* Build configuration list for PBXNativeTarget "Tests32" */ = {
			isa = XCConfigurationList;
			buildConfigurations = (
				223C4D821C6B715400E658E6 /* Debug */,
				223C4D831C6B715400E658E6 /* Release */,
			);
			defaultConfigurationIsVisible = 0;
			defaultConfigurationName = Release;
		};
		22AFC474195F9D02003572F3 /* Build configuration list for PBXProject "TestsAndSample" */ = {
			isa = XCConfigurationList;
			buildConfigurations = (
				22AFC48E195F9D02003572F3 /* Debug */,
				22AFC48F195F9D02003572F3 /* Release */,
			);
			defaultConfigurationIsVisible = 0;
			defaultConfigurationName = Release;
		};
/* End XCConfigurationList section */
	};
	rootObject = 22AFC471195F9D02003572F3 /* Project object */;
}
